
Microsoft Visual Studio Solution File, Format Version 12.00
# Visual Studio Version 16
VisualStudioVersion = 16.0.30611.23
MinimumVisualStudioVersion = 10.0.40219.1
Project("{FAE04EC0-301F-11D3-BF4B-00C04F79EFBC}") = "BlazorApp12", "BlazorApp12\BlazorApp12.csproj", "{231BA2DF-C06C-4E56-89F5-25EC7A5EDCED}"
EndProject
Global
	GlobalSection(SolutionConfigurationPlatforms) = preSolution
		Debug|Any CPU = Debug|Any CPU
		Release|Any CPU = Release|Any CPU
	EndGlobalSection
	GlobalSection(ProjectConfigurationPlatforms) = postSolution
		{231BA2DF-C06C-4E56-89F5-25EC7A5EDCED}.Debug|Any CPU.ActiveCfg = Debug|Any CPU
		{231BA2DF-C06C-4E56-89F5-25EC7A5EDCED}.Debug|Any CPU.Build.0 = Debug|Any CPU
		{231BA2DF-C06C-4E56-89F5-25EC7A5EDCED}.Release|Any CPU.ActiveCfg = Release|Any CPU
		{231BA2DF-C06C-4E56-89F5-25EC7A5EDCED}.Release|Any CPU.Build.0 = Release|Any CPU
	EndGlobalSection
	GlobalSection(SolutionProperties) = preSolution
		HideSolutionNode = FALSE
	EndGlobalSection
	GlobalSection(ExtensibilityGlobals) = postSolution
		SolutionGuid = {BD5861F3-BCB0-4FF9-8958-F1E0734C0602}
	EndGlobalSection
EndGlobal
